{
  "name": "framework-template-sprite-runner",
  "lockfileVersion": 3,
  "requires": true,
  "packages": {
    "": {
      "name": "framework-template-sprite-runner",
      "dependencies": {
        "@fly/sprites": "latest"
      }
    },
    "node_modules/@fly/sprites": {
      "version": "0.0.1",
      "resolved": "https://registry.npmjs.org/@fly/sprites/-/sprites-0.0.1.tgz",
      "integrity": "sha512-1s+dIVi/pTMP4Aj4Mkg+4LoZ/+a0Kp6l9piPRxvpgEKm11b/eRiZgJwVytwAHeI/vtg2fuwcFExjtXOEfny/TA==",
      "license": "MIT",
      "engines": {
        "node": ">=24.0.0"
      }
    }
  }
}
